
Microsoft Visual Studio Solution File, Format Version 12.00
# Visual Studio 15
VisualStudioVersion = 15.0.28307.539
MinimumVisualStudioVersion = 10.0.40219.1
Project("{FAE04EC0-301F-11D3-BF4B-00C04F79EFBC}") = "Blog.UI", "Blog.UI\Blog.UI.csproj", "{6735CCE0-C6C1-4C20-869D-F6AA05AE37F9}"
EndProject
Project("{FAE04EC0-301F-11D3-BF4B-00C04F79EFBC}") = "Blog.DAL", "Blog.DAL\Blog.DAL.csproj", "{BE06AC1C-5910-4B2B-9697-E7BCEBF26C37}"
EndProject
Project("{FAE04EC0-301F-11D3-BF4B-00C04F79EFBC}") = "Blog.BLL", "Blog.BLL\Blog.BLL.csproj", "{4793B72F-CFC7-41FB-959D-A927E61709CD}"
EndProject
Global
	GlobalSection(SolutionConfigurationPlatforms) = preSolution
		Debug|Any CPU = Debug|Any CPU
		Release|Any CPU = Release|Any CPU
	EndGlobalSection
	GlobalSection(ProjectConfigurationPlatforms) = postSolution
		{6735CCE0-C6C1-4C20-869D-F6AA05AE37F9}.Debug|Any CPU.ActiveCfg = Debug|Any CPU
		{6735CCE0-C6C1-4C20-869D-F6AA05AE37F9}.Debug|Any CPU.Build.0 = Debug|Any CPU
		{6735CCE0-C6C1-4C20-869D-F6AA05AE37F9}.Release|Any CPU.ActiveCfg = Release|Any CPU
		{6735CCE0-C6C1-4C20-869D-F6AA05AE37F9}.Release|Any CPU.Build.0 = Release|Any CPU
		{BE06AC1C-5910-4B2B-9697-E7BCEBF26C37}.Debug|Any CPU.ActiveCfg = Debug|Any CPU
		{BE06AC1C-5910-4B2B-9697-E7BCEBF26C37}.Debug|Any CPU.Build.0 = Debug|Any CPU
		{BE06AC1C-5910-4B2B-9697-E7BCEBF26C37}.Release|Any CPU.ActiveCfg = Release|Any CPU
		{BE06AC1C-5910-4B2B-9697-E7BCEBF26C37}.Release|Any CPU.Build.0 = Release|Any CPU
		{4793B72F-CFC7-41FB-959D-A927E61709CD}.Debug|Any CPU.ActiveCfg = Debug|Any CPU
		{4793B72F-CFC7-41FB-959D-A927E61709CD}.Debug|Any CPU.Build.0 = Debug|Any CPU
		{4793B72F-CFC7-41FB-959D-A927E61709CD}.Release|Any CPU.ActiveCfg = Release|Any CPU
		{4793B72F-CFC7-41FB-959D-A927E61709CD}.Release|Any CPU.Build.0 = Release|Any CPU
	EndGlobalSection
	GlobalSection(SolutionProperties) = preSolution
		HideSolutionNode = FALSE
	EndGlobalSection
	GlobalSection(ExtensibilityGlobals) = postSolution
		SolutionGuid = {92D53598-E5D5-487A-9B90-1767FDB0C6A3}
	EndGlobalSection
EndGlobal
